
Microsoft Visual Studio Solution File, Format Version 12.00
# Visual Studio Version 16
VisualStudioVersion = 16.0.30413.136
MinimumVisualStudioVersion = 10.0.40219.1
Project("{FAE04EC0-301F-11D3-BF4B-00C04F79EFBC}") = "Handmade", "Handmade\Handmade.csproj", "{1561311B-7D89-42EA-86EF-CE850F0DFCB4}"
EndProject
Global
	GlobalSection(SolutionConfigurationPlatforms) = preSolution
		Debug|Any CPU = Debug|Any CPU
		Release|Any CPU = Release|Any CPU
	EndGlobalSection
	GlobalSection(ProjectConfigurationPlatforms) = postSolution
		{1561311B-7D89-42EA-86EF-CE850F0DFCB4}.Debug|Any CPU.ActiveCfg = Debug|Any CPU
		{1561311B-7D89-42EA-86EF-CE850F0DFCB4}.Debug|Any CPU.Build.0 = Debug|Any CPU
		{1561311B-7D89-42EA-86EF-CE850F0DFCB4}.Release|Any CPU.ActiveCfg = Release|Any CPU
		{1561311B-7D89-42EA-86EF-CE850F0DFCB4}.Release|Any CPU.Build.0 = Release|Any CPU
	EndGlobalSection
	GlobalSection(SolutionProperties) = preSolution
		HideSolutionNode = FALSE
	EndGlobalSection
	GlobalSection(ExtensibilityGlobals) = postSolution
		SolutionGuid = {41C3A8BC-0FE9-42AB-89D6-7DACDB1F8349}
	EndGlobalSection
EndGlobal
